
Microsoft Visual Studio Solution File, Format Version 12.00
# Visual Studio Version 16
VisualStudioVersion = 16.0.33214.272
MinimumVisualStudioVersion = 10.0.40219.1
Project("{FAE04EC0-301F-11D3-BF4B-00C04F79EFBC}") = "ToolAnalyzer", "ToolAnalyzer\ToolAnalyzer.csproj", "{27CC3C86-6B58-4613-8BD5-24C2FF1F1751}"
EndProject
Global
	GlobalSection(SolutionConfigurationPlatforms) = preSolution
		Debug|Any CPU = Debug|Any CPU
		Release|Any CPU = Release|Any CPU
	EndGlobalSection
	GlobalSection(ProjectConfigurationPlatforms) = postSolution
		{27CC3C86-6B58-4613-8BD5-24C2FF1F1751}.Debug|Any CPU.ActiveCfg = Debug|Any CPU
		{27CC3C86-6B58-4613-8BD5-24C2FF1F1751}.Debug|Any CPU.Build.0 = Debug|Any CPU
		{27CC3C86-6B58-4613-8BD5-24C2FF1F1751}.Release|Any CPU.ActiveCfg = Release|Any CPU
		{27CC3C86-6B58-4613-8BD5-24C2FF1F1751}.Release|Any CPU.Build.0 = Release|Any CPU
	EndGlobalSection
	GlobalSection(SolutionProperties) = preSolution
		HideSolutionNode = FALSE
	EndGlobalSection
	GlobalSection(ExtensibilityGlobals) = postSolution
		SolutionGuid = {14A97AE3-FC3F-4E52-BB29-05A584F0ABC9}
	EndGlobalSection
EndGlobal
